{
    "_readme": [
        "This file locks the dependencies of your project to a known state",
        "Read more about it at https://getcomposer.org/doc/01-basic-usage.md#composer-lock-the-lock-file",
        "This file is @generated automatically"
    ],
    "content-hash": "a66f4334a8cc7e43dc92ac3ae833e8ed",
    "packages": [
        {
            "name": "bokkagroup/admin-columns-acf-addon",
            "version": "1.3.1",
            "source": {
                "type": "git",
                "url": "git@bitbucket.org:bokkagroup/admin-columns-acf-add-on.git",
                "reference": "5e4f28f36a0f7a85374662a52375e1b9a33404a7"
            },
            "require": {
                "composer/installers": "~1.0"
            },
            "type": "wordpress-plugin",
            "license": [
                "UNLICENSED"
            ],
            "authors": [
                {
                    "name": "Codewizard",
                    "email": "mike@bokkagroup.com"
                }
            ],
            "time": "2018-04-11T06:14:38+00:00"
        },
        {
            "name": "bokkagroup/admin-columns-pro",
            "version": "3.6.0",
            "source": {
                "type": "git",
                "url": "git@bitbucket.org:bokkagroup/admin-columns-pro.git",
                "reference": "34780fe69d9c002edded3089d942bd08d0351559"
            },
            "require": {
                "composer/installers": "~1.0"
            },
            "type": "wordpress-plugin",
            "license": [
                "UNLICENSED"
            ],
            "authors": [
                {
                    "name": "Codewizard",
                    "email": "mike@bokkagroup.com"
                }
            ],
            "time": "2018-02-09T21:44:53+00:00"
        },
        {
            "name": "bokkagroup/advanced-custom-field-repeater-collapser",
            "version": "1.5.0",
            "source": {
                "type": "git",
                "url": "git@bitbucket.org:bokkagroup/advanced-custom-field-repeater-collapser.git",
                "reference": "63c986c9c5c696420883a4ea837f661b26cd35b5"
            },
            "require": {
                "composer/installers": "~1.0"
            },
            "type": "wordpress-plugin",
            "license": [
                "UNLICENSED"
            ],
            "authors": [
                {
                    "name": "Codewizaerd",
                    "email": "mike@bokkagroup.com"
                }
            ],
            "time": "2018-04-10T20:30:17+00:00"
        },
        {
            "name": "bokkagroup/advanced-custom-fields-pro",
            "version": "5.7.7",
            "source": {
                "type": "git",
                "url": "git@bitbucket.org:bokkagroup/advanced-custom-fields-pro.git",
                "reference": "902a87ee708e33b632dc856799343f9cc71eba6f"
            },
            "require": {
                "composer/installers": "~1.0"
            },
            "type": "wordpress-plugin",
            "license": [
                "UNLICENSED"
            ],
            "authors": [
                {
                    "name": "Codewizard",
                    "email": "mike@bokkagroup.com"
                }
            ],
            "time": "2018-10-03T22:59:33+00:00"
        },
        {
            "name": "bokkagroup/bcn-hatchbuck",
            "version": "dev-master",
            "source": {
                "type": "git",
                "url": "git@bitbucket.org:bokkagroup/bcn-hatchbuck.git",
                "reference": "a111c1a2c01bb3b2b30f8558d23c6ee3219d1ee9"
            },
            "require": {
                "composer/installers": "~1.0"
            },
            "type": "wordpress-plugin",
            "license": [
                "UNLICENSED"
            ],
            "authors": [
                {
                    "name": "Codewizard",
                    "email": "mike@bokkagroup.com"
                }
            ],
            "time": "2018-10-17 02:04:13"
        },
        {
            "name": "bokkagroup/bokka-bdx-plugin",
            "version": "0.1.0",
            "source": {
                "type": "git",
                "url": "git@bitbucket.org:bokkagroup/bokka-bdx-plugin.git",
                "reference": "0881b03d3dd609bb439fe8f1a5da6f49ffc6ea7f"
            },
            "require": {
                "composer/installers": "~1.0"
            },
            "type": "wordpress-plugin",
            "license": [
                "GNU2"
            ],
            "authors": [
                {
                    "name": "codewizard",
                    "email": "mikemcguire.dev@gmail.com"
                },
                {
                    "name": "Charlie Stanard",
                    "email": "charlie@bokkagroup.com"
                }
            ],
            "description": "Customizable user authentication that allows for login and registration using an email address as well as setting a password at registration.",
            "time": "2018-08-02T17:24:55+00:00"
        },
        {
            "name": "bokkagroup/bokka-utilities",
            "version": "dev-master",
            "source": {
                "type": "git",
                "url": "https://github.com/bokkagroup/bokka-utilities",
                "reference": "6c549e103d633fc3ea39d84ccec8f175f6c0cbf7"
            },
            "require-dev": {
                "phpunit/phpunit": "^6.4"
            },
            "type": "library",
            "autoload": {
                "psr-4": {
                    "Bokka\\Utilities\\": "src/"
                }
            },
            "license": [
                "GNU2"
            ],
            "description": "A utilities plugin built to be used in the Catalyst WordPress framework by the Bokka Group.",
            "time": "2018-08-30 23:35:03"
        },
        {
            "name": "bokkagroup/facetwp",
            "version": "3.2.4",
            "source": {
                "type": "git",
                "url": "git@bitbucket.org:bokkagroup/facetwp.git",
                "reference": "565002c6440f5e2ce14c0c85315ab43d5725fed6"
            },
            "require": {
                "composer/installers": "~1.0"
            },
            "type": "wordpress-plugin",
            "license": [
                "UNLICENSED"
            ],
            "authors": [
                {
                    "name": "codewizard",
                    "email": "mikemcguire.dev@gmail.com"
                }
            ],
            "description": "Gravity Forms",
            "time": "2018-08-25T08:37:11+00:00"
        },
        {
            "name": "bokkagroup/gravity-forms-acf-field",
            "version": "1.1.x-dev",
            "source": {
                "type": "git",
                "url": "git@bitbucket.org:bokkagroup/gravity-forms-acf-field.git",
                "reference": "083e66a2ee8c424bb8446396e5cff5e5c71dadcd"
            },
            "require": {
                "composer/installers": "~1.0"
            },
            "type": "wordpress-plugin",
            "license": [
                "UNLICENSED"
            ],
            "authors": [
                {
                    "name": "Codewizard",
                    "email": "mike@bokkagroup.com"
                }
            ],
            "time": "2017-04-04 22:26:14"
        },
        {
            "name": "bokkagroup/gravityforms",
            "version": "2.2.6",
            "source": {
                "type": "git",
                "url": "git@bitbucket.org:bokkagroup/gravityforms.git",
                "reference": "f29159733b5dfe72d4db00a174421b1ab109c44b"
            },
            "require": {
                "composer/installers": "~1.0"
            },
            "type": "wordpress-plugin",
            "license": [
                "UNLICENSED"
            ],
            "authors": [
                {
                    "name": "codewizard",
                    "email": "mikemcguire.dev@gmail.com"
                }
            ],
            "description": "Gravity Forms",
            "time": "2018-04-10T20:32:08+00:00"
        },
        {
            "name": "bokkagroup/nucleus",
            "version": "0.1.6",
            "source": {
                "type": "git",
                "url": "https://github.com/bokkagroup/nucleus",
                "reference": "cd9eef44b5efefa2546cd99b40a42af7557b6006"
            },
            "require": {
                "composer/installers": "~1.0",
                "icanboogie/inflector": "^1.4",
                "tmilos/lexer": "1.0.*"
            },
            "type": "wordpress-plugin",
            "license": [
                "GNU2"
            ],
            "authors": [
                {
                    "name": "Mike McGuire",
                    "email": "mike@bokkagroup.com"
                }
            ],
            "description": "A plugin that provides MVC functionality in the Catalyst WP Toolbox.",
            "time": "2018-10-09T23:18:30+00:00"
        },
        {
            "name": "bokkagroup/wp-migrate-db-pro",
            "version": "1.6",
            "source": {
                "type": "git",
                "url": "git@bitbucket.org:bokkagroup/wp-migrate-db-pro.git",
                "reference": "a589899fd53ffcd99f5e9537d358b5afd795e22c"
            },
            "require": {
                "composer/installers": "~1.0"
            },
            "type": "wordpress-plugin",
            "license": [
                "UNLICENSED"
            ],
            "authors": [
                {
                    "name": "codewizard",
                    "email": "mikemcguire.dev@gmail.com"
                }
            ],
            "description": "Migrate DB Pro",
            "time": "2018-02-06T23:55:32+00:00"
        },
        {
            "name": "composer/installers",
            "version": "v1.6.0",
            "source": {
                "type": "git",
                "url": "https://github.com/composer/installers.git",
                "reference": "cfcca6b1b60bc4974324efb5783c13dca6932b5b"
            },
            "dist": {
                "type": "zip",
                "url": "https://api.github.com/repos/composer/installers/zipball/cfcca6b1b60bc4974324efb5783c13dca6932b5b",
                "reference": "cfcca6b1b60bc4974324efb5783c13dca6932b5b",
                "shasum": ""
            },
            "require": {
                "composer-plugin-api": "^1.0"
            },
            "replace": {
                "roundcube/plugin-installer": "*",
                "shama/baton": "*"
            },
            "require-dev": {
                "composer/composer": "1.0.*@dev",
                "phpunit/phpunit": "^4.8.36"
            },
            "type": "composer-plugin",
            "extra": {
                "class": "Composer\\Installers\\Plugin",
                "branch-alias": {
                    "dev-master": "1.0-dev"
                }
            },
            "autoload": {
                "psr-4": {
                    "Composer\\Installers\\": "src/Composer/Installers"
                }
            },
            "notification-url": "https://packagist.org/downloads/",
            "license": [
                "MIT"
            ],
            "authors": [
                {
                    "name": "Kyle Robinson Young",
                    "email": "kyle@dontkry.com",
                    "homepage": "https://github.com/shama"
                }
            ],
            "description": "A multi-framework Composer library installer",
            "homepage": "https://composer.github.io/installers/",
            "keywords": [
                "Craft",
                "Dolibarr",
                "Eliasis",
                "Hurad",
                "ImageCMS",
                "Kanboard",
                "Lan Management System",
                "MODX Evo",
                "Mautic",
                "Maya",
                "OXID",
                "Plentymarkets",
                "Porto",
                "RadPHP",
                "SMF",
                "Thelia",
                "WolfCMS",
                "agl",
                "aimeos",
                "annotatecms",
                "attogram",
                "bitrix",
                "cakephp",
                "chef",
                "cockpit",
                "codeigniter",
                "concrete5",
                "croogo",
                "dokuwiki",
                "drupal",
                "eZ Platform",
                "elgg",
                "expressionengine",
                "fuelphp",
                "grav",
                "installer",
                "itop",
                "joomla",
                "kohana",
                "laravel",
                "lavalite",
                "lithium",
                "magento",
                "majima",
                "mako",
                "mediawiki",
                "modulework",
                "modx",
                "moodle",
                "osclass",
                "phpbb",
                "piwik",
                "ppi",
                "puppet",
                "pxcms",
                "reindex",
                "roundcube",
                "shopware",
                "silverstripe",
                "sydes",
                "symfony",
                "typo3",
                "wordpress",
                "yawik",
                "zend",
                "zikula"
            ],
            "time": "2018-08-27T06:10:37+00:00"
        },
        {
            "name": "icanboogie/inflector",
            "version": "v1.4.4",
            "source": {
                "type": "git",
                "url": "https://github.com/ICanBoogie/Inflector.git",
                "reference": "a875d3c16215327e1a2555592b167ae2591c5c2f"
            },
            "dist": {
                "type": "zip",
                "url": "https://api.github.com/repos/ICanBoogie/Inflector/zipball/a875d3c16215327e1a2555592b167ae2591c5c2f",
                "reference": "a875d3c16215327e1a2555592b167ae2591c5c2f",
                "shasum": ""
            },
            "require": {
                "ext-mbstring": "*",
                "php": ">=5.3.4"
            },
            "type": "library",
            "autoload": {
                "classmap": [
                    "lib/"
                ],
                "files": [
                    "lib/helpers.php"
                ]
            },
            "notification-url": "https://packagist.org/downloads/",
            "license": [
                "BSD-3-Clause"
            ],
            "authors": [
                {
                    "name": "Olivier Laviale",
                    "email": "olivier.laviale@gmail.com",
                    "homepage": "http://www.weirdog.com/",
                    "role": "Developer"
                }
            ],
            "description": "Multilingual inflector that transforms words from singular to plural, underscore to camel case, and more.",
            "homepage": "http://icanboogie.org/",
            "keywords": [
                "camelize",
                "hyphenate",
                "inflect",
                "multilingual",
                "pluralize",
                "singularize",
                "underscore"
            ],
            "time": "2017-06-30T13:16:14+00:00"
        },
        {
            "name": "johnpbloch/wordpress",
            "version": "4.9.0",
            "source": {
                "type": "git",
                "url": "https://github.com/johnpbloch/wordpress.git",
                "reference": "b15c463dc04c79483058a3da16865c356393408d"
            },
            "dist": {
                "type": "zip",
                "url": "https://api.github.com/repos/johnpbloch/wordpress/zipball/b15c463dc04c79483058a3da16865c356393408d",
                "reference": "b15c463dc04c79483058a3da16865c356393408d",
                "shasum": ""
            },
            "require": {
                "johnpbloch/wordpress-core": "4.9.0",
                "johnpbloch/wordpress-core-installer": "^1.0",
                "php": ">=5.3.2"
            },
            "type": "package",
            "notification-url": "https://packagist.org/downloads/",
            "license": [
                "GPL-2.0+"
            ],
            "authors": [
                {
                    "name": "WordPress Community",
                    "homepage": "http://wordpress.org/about/"
                }
            ],
            "description": "WordPress is web software you can use to create a beautiful website or blog.",
            "homepage": "http://wordpress.org/",
            "keywords": [
                "blog",
                "cms",
                "wordpress"
            ],
            "time": "2017-11-16T01:32:51+00:00"
        },
        {
            "name": "johnpbloch/wordpress-core",
            "version": "4.9.0",
            "source": {
                "type": "git",
                "url": "https://github.com/johnpbloch/wordpress-core.git",
                "reference": "bf2ed9c364d35bcabd15c4bb139c2581ea8513a9"
            },
            "dist": {
                "type": "zip",
                "url": "https://api.github.com/repos/johnpbloch/wordpress-core/zipball/bf2ed9c364d35bcabd15c4bb139c2581ea8513a9",
                "reference": "bf2ed9c364d35bcabd15c4bb139c2581ea8513a9",
                "shasum": ""
            },
            "require": {
                "php": ">=5.3.2"
            },
            "provide": {
                "wordpress/core-implementation": "4.9.0"
            },
            "type": "wordpress-core",
            "notification-url": "https://packagist.org/downloads/",
            "license": [
                "GPL-2.0+"
            ],
            "authors": [
                {
                    "name": "WordPress Community",
                    "homepage": "http://wordpress.org/about/"
                }
            ],
            "description": "WordPress is web software you can use to create a beautiful website or blog.",
            "homepage": "http://wordpress.org/",
            "keywords": [
                "blog",
                "cms",
                "wordpress"
            ],
            "time": "2017-11-16T01:32:46+00:00"
        },
        {
            "name": "johnpbloch/wordpress-core-installer",
            "version": "1.0.0.2",
            "source": {
                "type": "git",
                "url": "https://github.com/johnpbloch/wordpress-core-installer.git",
                "reference": "7941acd71725710a789daabe0557429da63e7ac6"
            },
            "dist": {
                "type": "zip",
                "url": "https://api.github.com/repos/johnpbloch/wordpress-core-installer/zipball/7941acd71725710a789daabe0557429da63e7ac6",
                "reference": "7941acd71725710a789daabe0557429da63e7ac6",
                "shasum": ""
            },
            "require": {
                "composer-plugin-api": "^1.0"
            },
            "conflict": {
                "composer/installers": "<1.0.6"
            },
            "require-dev": {
                "composer/composer": "^1.0",
                "phpunit/phpunit": ">=4.8.35"
            },
            "type": "composer-plugin",
            "extra": {
                "class": "johnpbloch\\Composer\\WordPressCorePlugin"
            },
            "autoload": {
                "psr-0": {
                    "johnpbloch\\Composer\\": "src/"
                }
            },
            "notification-url": "https://packagist.org/downloads/",
            "license": [
                "GPL-2.0+"
            ],
            "authors": [
                {
                    "name": "John P. Bloch",
                    "email": "me@johnpbloch.com"
                }
            ],
            "description": "A custom installer to handle deploying WordPress with composer",
            "keywords": [
                "wordpress"
            ],
            "time": "2018-01-29T14:49:29+00:00"
        },
        {
            "name": "tmilos/lexer",
            "version": "1.0.2",
            "source": {
                "type": "git",
                "url": "https://github.com/tmilos/lexer.git",
                "reference": "e7885595614759f1da2ff79b66e3fb26d7f875fa"
            },
            "dist": {
                "type": "zip",
                "url": "https://api.github.com/repos/tmilos/lexer/zipball/e7885595614759f1da2ff79b66e3fb26d7f875fa",
                "reference": "e7885595614759f1da2ff79b66e3fb26d7f875fa",
                "shasum": ""
            },
            "require": {
                "php": ">=5.5"
            },
            "require-dev": {
                "phpunit/phpunit": "~5.6",
                "satooshi/php-coveralls": "^1.0"
            },
            "type": "library",
            "autoload": {
                "psr-4": {
                    "Tmilos\\Lexer\\": "src/",
                    "Tests\\Tmilos\\Lexer\\": "tests/"
                }
            },
            "notification-url": "https://packagist.org/downloads/",
            "license": [
                "MIT"
            ],
            "authors": [
                {
                    "name": "Milos Tomic",
                    "email": "tmilos@gmail.com"
                }
            ],
            "description": "Lexical analyzer with individual token definition with regular expressions",
            "keywords": [
                "lexer",
                "parser"
            ],
            "time": "2016-12-21T11:22:39+00:00"
        },
        {
            "name": "wpackagist-plugin/add-to-any",
            "version": "1.7.30",
            "source": {
                "type": "svn",
                "url": "https://plugins.svn.wordpress.org/add-to-any/",
                "reference": "tags/1.7.30"
            },
            "dist": {
                "type": "zip",
                "url": "https://downloads.wordpress.org/plugin/add-to-any.1.7.30.zip",
                "reference": null,
                "shasum": null
            },
            "require": {
                "composer/installers": "~1.0"
            },
            "type": "wordpress-plugin",
            "homepage": "https://wordpress.org/plugins/add-to-any/"
        },
        {
            "name": "wpackagist-plugin/admin-menu-editor",
            "version": "1.8.5",
            "source": {
                "type": "svn",
                "url": "https://plugins.svn.wordpress.org/admin-menu-editor/",
                "reference": "tags/1.8.5"
            },
            "dist": {
                "type": "zip",
                "url": "https://downloads.wordpress.org/plugin/admin-menu-editor.1.8.5.zip",
                "reference": null,
                "shasum": null
            },
            "require": {
                "composer/installers": "~1.0"
            },
            "type": "wordpress-plugin",
            "homepage": "https://wordpress.org/plugins/admin-menu-editor/"
        },
        {
            "name": "wpackagist-plugin/custom-post-type-ui",
            "version": "1.5.8",
            "source": {
                "type": "svn",
                "url": "https://plugins.svn.wordpress.org/custom-post-type-ui/",
                "reference": "tags/1.5.8"
            },
            "dist": {
                "type": "zip",
                "url": "https://downloads.wordpress.org/plugin/custom-post-type-ui.1.5.8.zip",
                "reference": null,
                "shasum": null
            },
            "require": {
                "composer/installers": "~1.0"
            },
            "type": "wordpress-plugin",
            "homepage": "https://wordpress.org/plugins/custom-post-type-ui/"
        },
        {
            "name": "wpackagist-plugin/duplicate-post",
            "version": "3.2.2",
            "source": {
                "type": "svn",
                "url": "https://plugins.svn.wordpress.org/duplicate-post/",
                "reference": "tags/3.2.2"
            },
            "dist": {
                "type": "zip",
                "url": "https://downloads.wordpress.org/plugin/duplicate-post.3.2.2.zip",
                "reference": null,
                "shasum": null
            },
            "require": {
                "composer/installers": "~1.0"
            },
            "type": "wordpress-plugin",
            "homepage": "https://wordpress.org/plugins/duplicate-post/"
        },
        {
            "name": "wpackagist-plugin/regenerate-thumbnails",
            "version": "3.0.2",
            "source": {
                "type": "svn",
                "url": "https://plugins.svn.wordpress.org/regenerate-thumbnails/",
                "reference": "tags/3.0.2"
            },
            "dist": {
                "type": "zip",
                "url": "https://downloads.wordpress.org/plugin/regenerate-thumbnails.3.0.2.zip",
                "reference": null,
                "shasum": null
            },
            "require": {
                "composer/installers": "~1.0"
            },
            "type": "wordpress-plugin",
            "homepage": "https://wordpress.org/plugins/regenerate-thumbnails/"
        },
        {
            "name": "wpackagist-plugin/wordpress-seo",
            "version": "8.4",
            "source": {
                "type": "svn",
                "url": "https://plugins.svn.wordpress.org/wordpress-seo/",
                "reference": "tags/8.4"
            },
            "dist": {
                "type": "zip",
                "url": "https://downloads.wordpress.org/plugin/wordpress-seo.8.4.zip",
                "reference": null,
                "shasum": null
            },
            "require": {
                "composer/installers": "~1.0"
            },
            "type": "wordpress-plugin",
            "homepage": "https://wordpress.org/plugins/wordpress-seo/"
        },
        {
            "name": "wpackagist-plugin/wp-better-attachments",
            "version": "1.3.11",
            "source": {
                "type": "svn",
                "url": "https://plugins.svn.wordpress.org/wp-better-attachments/",
                "reference": "tags/1.3.11"
            },
            "dist": {
                "type": "zip",
                "url": "https://downloads.wordpress.org/plugin/wp-better-attachments.1.3.11.zip",
                "reference": null,
                "shasum": null
            },
            "require": {
                "composer/installers": "~1.0"
            },
            "type": "wordpress-plugin",
            "homepage": "https://wordpress.org/plugins/wp-better-attachments/"
        },
        {
            "name": "wpackagist-plugin/wp-crontrol",
            "version": "1.6.2",
            "source": {
                "type": "svn",
                "url": "https://plugins.svn.wordpress.org/wp-crontrol/",
                "reference": "tags/1.6.2"
            },
            "dist": {
                "type": "zip",
                "url": "https://downloads.wordpress.org/plugin/wp-crontrol.1.6.2.zip",
                "reference": null,
                "shasum": null
            },
            "require": {
                "composer/installers": "~1.0"
            },
            "type": "wordpress-plugin",
            "homepage": "https://wordpress.org/plugins/wp-crontrol/"
        },
        {
            "name": "wpackagist-plugin/wp-mail-smtp",
            "version": "dev-trunk",
            "source": {
                "type": "svn",
                "url": "https://plugins.svn.wordpress.org/wp-mail-smtp/",
                "reference": "trunk"
            },
            "dist": {
                "type": "zip",
                "url": "https://downloads.wordpress.org/plugin/wp-mail-smtp.zip?timestamp=1517953157",
                "reference": null,
                "shasum": null
            },
            "require": {
                "composer/installers": "~1.0"
            },
            "type": "wordpress-plugin",
            "homepage": "https://wordpress.org/plugins/wp-mail-smtp/",
            "time": "2018-02-06T21:39:17+00:00"
        },
        {
            "name": "wpackagist-plugin/wp-smushit",
            "version": "2.8.1",
            "source": {
                "type": "svn",
                "url": "https://plugins.svn.wordpress.org/wp-smushit/",
                "reference": "tags/2.8.1"
            },
            "dist": {
                "type": "zip",
                "url": "https://downloads.wordpress.org/plugin/wp-smushit.2.8.1.zip",
                "reference": null,
                "shasum": null
            },
            "require": {
                "composer/installers": "~1.0"
            },
            "type": "wordpress-plugin",
            "homepage": "https://wordpress.org/plugins/wp-smushit/"
        }
    ],
    "packages-dev": [],
    "aliases": [],
    "minimum-stability": "dev",
    "stability-flags": [],
    "prefer-stable": false,
    "prefer-lowest": false,
    "platform": [],
    "platform-dev": []
}
